
Microsoft Visual Studio Solution File, Format Version 12.00
# Visual Studio Version 17
VisualStudioVersion = 17.14.36518.9 d17.14
MinimumVisualStudioVersion = 10.0.40219.1
Project("{F184B08F-C81C-45F6-A57F-5ABD9991F28F}") = "ex5tp2", "ex5tp2\ex5tp2.vbproj", "{4CDBBFAD-3E1D-428E-841B-E8BA19880FAC}"
EndProject
Global
	GlobalSection(SolutionConfigurationPlatforms) = preSolution
		Debug|Any CPU = Debug|Any CPU
		Release|Any CPU = Release|Any CPU
	EndGlobalSection
	GlobalSection(ProjectConfigurationPlatforms) = postSolution
		{4CDBBFAD-3E1D-428E-841B-E8BA19880FAC}.Debug|Any CPU.ActiveCfg = Debug|Any CPU
		{4CDBBFAD-3E1D-428E-841B-E8BA19880FAC}.Debug|Any CPU.Build.0 = Debug|Any CPU
		{4CDBBFAD-3E1D-428E-841B-E8BA19880FAC}.Release|Any CPU.ActiveCfg = Release|Any CPU
		{4CDBBFAD-3E1D-428E-841B-E8BA19880FAC}.Release|Any CPU.Build.0 = Release|Any CPU
	EndGlobalSection
	GlobalSection(SolutionProperties) = preSolution
		HideSolutionNode = FALSE
	EndGlobalSection
	GlobalSection(ExtensibilityGlobals) = postSolution
		SolutionGuid = {83E3D524-4A46-45AF-9038-58A8DD9CFE78}
	EndGlobalSection
EndGlobal
